
Microsoft Visual Studio Solution File, Format Version 12.00
# Visual Studio Version 16
VisualStudioVersion = 16.0.30717.126
MinimumVisualStudioVersion = 10.0.40219.1
Project("{9A19103F-16F7-4668-BE54-9A1E7A4F7556}") = "FFT.Oanda", "FFT.Oanda\FFT.Oanda.csproj", "{481116BA-22A3-452A-8828-506ADFF3E582}"
EndProject
Project("{2150E333-8FDC-42A3-9474-1A3956D46DE8}") = ".sln", ".sln", "{62BFF640-C406-4127-A2F5-01B99B043F70}"
	ProjectSection(SolutionItems) = preProject
		..\.editorconfig = ..\.editorconfig
		..\.gitattributes = ..\.gitattributes
		..\.gitignore = ..\.gitignore
		..\Directory.Build.props = ..\Directory.Build.props
		..\LICENSE = ..\LICENSE
		..\.github\workflows\publish.yml = ..\.github\workflows\publish.yml
		..\README.md = ..\README.md
		..\stylecop.json = ..\stylecop.json
		..\version.json = ..\version.json
	EndProjectSection
EndProject
Project("{FAE04EC0-301F-11D3-BF4B-00C04F79EFBC}") = "FFT.Oanda.Tests", "FFT.Oanda.Tests\FFT.Oanda.Tests.csproj", "{EF70C38E-00EE-41BA-99B9-8D15B9CE82F4}"
EndProject
Global
	GlobalSection(SolutionConfigurationPlatforms) = preSolution
		Debug|Any CPU = Debug|Any CPU
		Release|Any CPU = Release|Any CPU
	EndGlobalSection
	GlobalSection(ProjectConfigurationPlatforms) = postSolution
		{481116BA-22A3-452A-8828-506ADFF3E582}.Debug|Any CPU.ActiveCfg = Debug|Any CPU
		{481116BA-22A3-452A-8828-506ADFF3E582}.Debug|Any CPU.Build.0 = Debug|Any CPU
		{481116BA-22A3-452A-8828-506ADFF3E582}.Release|Any CPU.ActiveCfg = Release|Any CPU
		{481116BA-22A3-452A-8828-506ADFF3E582}.Release|Any CPU.Build.0 = Release|Any CPU
		{EF70C38E-00EE-41BA-99B9-8D15B9CE82F4}.Debug|Any CPU.ActiveCfg = Debug|Any CPU
		{EF70C38E-00EE-41BA-99B9-8D15B9CE82F4}.Debug|Any CPU.Build.0 = Debug|Any CPU
		{EF70C38E-00EE-41BA-99B9-8D15B9CE82F4}.Release|Any CPU.ActiveCfg = Release|Any CPU
		{EF70C38E-00EE-41BA-99B9-8D15B9CE82F4}.Release|Any CPU.Build.0 = Release|Any CPU
	EndGlobalSection
	GlobalSection(SolutionProperties) = preSolution
		HideSolutionNode = FALSE
	EndGlobalSection
	GlobalSection(ExtensibilityGlobals) = postSolution
		SolutionGuid = {9F4FFCB3-6DFE-4659-8848-93AA96E42BFE}
	EndGlobalSection
EndGlobal
